
Microsoft Visual Studio Solution File, Format Version 12.00
# Visual Studio Version 16
VisualStudioVersion = 25.0.1703.4
MinimumVisualStudioVersion = 10.0.40219.1
Project("{FAE04EC0-301F-11D3-BF4B-00C04F79EFBC}") = "RazorPagesMovie", "RazorPagesMovie\RazorPagesMovie.csproj", "{0460D882-8225-443B-B602-17D5122A879D}"
EndProject
Global
	GlobalSection(SolutionConfigurationPlatforms) = preSolution
		Debug|Any CPU = Debug|Any CPU
		Release|Any CPU = Release|Any CPU
	EndGlobalSection
	GlobalSection(ProjectConfigurationPlatforms) = postSolution
		{0460D882-8225-443B-B602-17D5122A879D}.Debug|Any CPU.ActiveCfg = Debug|Any CPU
		{0460D882-8225-443B-B602-17D5122A879D}.Debug|Any CPU.Build.0 = Debug|Any CPU
		{0460D882-8225-443B-B602-17D5122A879D}.Release|Any CPU.ActiveCfg = Release|Any CPU
		{0460D882-8225-443B-B602-17D5122A879D}.Release|Any CPU.Build.0 = Release|Any CPU
	EndGlobalSection
	GlobalSection(SolutionProperties) = preSolution
		HideSolutionNode = FALSE
	EndGlobalSection
	GlobalSection(ExtensibilityGlobals) = postSolution
		SolutionGuid = {733D124F-78AC-4D89-B1BB-5F0067B54AA4}
	EndGlobalSection
EndGlobal
